
Microsoft Visual Studio Solution File, Format Version 12.00
# Visual Studio 2013
VisualStudioVersion = 12.0.30110.0
MinimumVisualStudioVersion = 10.0.40219.1
Project("{2150E333-8FDC-42A3-9474-1A3956D46DE8}") = "Solution Items", "Solution Items", "{CBDC95B0-5788-427A-9D22-CDC7F34F662C}"
	ProjectSection(SolutionItems) = preProject
		LocalTestRun.testrunconfig = LocalTestRun.testrunconfig
		WIT.Common.AutomaticMailer.vsmdi = WIT.Common.AutomaticMailer.vsmdi
	EndProjectSection
EndProject
Project("{FAE04EC0-301F-11D3-BF4B-00C04F79EFBC}") = "WIT.Common.AutomaticMailer.Sender", "WIT.Common.AutomaticMailer\WIT.Common.AutomaticMailer.Sender.csproj", "{F40824C9-8B2F-4E64-B18B-1B678C55C731}"
EndProject
Project("{FAE04EC0-301F-11D3-BF4B-00C04F79EFBC}") = "WIT.Common.AutomaticMailer.Common", "WIT.Common.AutomaticMailer.Common\WIT.Common.AutomaticMailer.Common.csproj", "{DE510513-E5E0-43DB-817F-218D7F90803F}"
EndProject
Project("{FAE04EC0-301F-11D3-BF4B-00C04F79EFBC}") = "SchedulableMailerExample", "SchedulableMailerExample\SchedulableMailerExample.csproj", "{C181C7C3-AB4C-42CF-868E-6ECF363A523D}"
EndProject
Project("{FAE04EC0-301F-11D3-BF4B-00C04F79EFBC}") = "WIT.Common.AutomaticMailer.Test", "WIT.Common.AutomaticMailer.Test\WIT.Common.AutomaticMailer.Test.csproj", "{F535C76E-CDDC-4648-A571-52F959963DC6}"
EndProject
Project("{FAE04EC0-301F-11D3-BF4B-00C04F79EFBC}") = "WIT.Common.AutomaticMailer.SelfRunner", "WIT.Common.AutomaticMailer.SelfRunner\WIT.Common.AutomaticMailer.SelfRunner.csproj", "{F9A181CA-74DA-4F57-8219-BDB205281689}"
EndProject
Global
	GlobalSection(SolutionConfigurationPlatforms) = preSolution
		Debug|Any CPU = Debug|Any CPU
		Debug|Mixed Platforms = Debug|Mixed Platforms
		Debug|x86 = Debug|x86
		Release|Any CPU = Release|Any CPU
		Release|Mixed Platforms = Release|Mixed Platforms
		Release|x86 = Release|x86
	EndGlobalSection
	GlobalSection(ProjectConfigurationPlatforms) = postSolution
		{F40824C9-8B2F-4E64-B18B-1B678C55C731}.Debug|Any CPU.ActiveCfg = Debug|Any CPU
		{F40824C9-8B2F-4E64-B18B-1B678C55C731}.Debug|Any CPU.Build.0 = Debug|Any CPU
		{F40824C9-8B2F-4E64-B18B-1B678C55C731}.Debug|Mixed Platforms.ActiveCfg = Debug|Any CPU
		{F40824C9-8B2F-4E64-B18B-1B678C55C731}.Debug|Mixed Platforms.Build.0 = Debug|Any CPU
		{F40824C9-8B2F-4E64-B18B-1B678C55C731}.Debug|x86.ActiveCfg = Debug|Any CPU
		{F40824C9-8B2F-4E64-B18B-1B678C55C731}.Release|Any CPU.ActiveCfg = Release|Any CPU
		{F40824C9-8B2F-4E64-B18B-1B678C55C731}.Release|Any CPU.Build.0 = Release|Any CPU
		{F40824C9-8B2F-4E64-B18B-1B678C55C731}.Release|Mixed Platforms.ActiveCfg = Release|Any CPU
		{F40824C9-8B2F-4E64-B18B-1B678C55C731}.Release|Mixed Platforms.Build.0 = Release|Any CPU
		{F40824C9-8B2F-4E64-B18B-1B678C55C731}.Release|x86.ActiveCfg = Release|Any CPU
		{DE510513-E5E0-43DB-817F-218D7F90803F}.Debug|Any CPU.ActiveCfg = Debug|Any CPU
		{DE510513-E5E0-43DB-817F-218D7F90803F}.Debug|Any CPU.Build.0 = Debug|Any CPU
		{DE510513-E5E0-43DB-817F-218D7F90803F}.Debug|Mixed Platforms.ActiveCfg = Debug|Any CPU
		{DE510513-E5E0-43DB-817F-218D7F90803F}.Debug|Mixed Platforms.Build.0 = Debug|Any CPU
		{DE510513-E5E0-43DB-817F-218D7F90803F}.Debug|x86.ActiveCfg = Debug|Any CPU
		{DE510513-E5E0-43DB-817F-218D7F90803F}.Release|Any CPU.ActiveCfg = Release|Any CPU
		{DE510513-E5E0-43DB-817F-218D7F90803F}.Release|Any CPU.Build.0 = Release|Any CPU
		{DE510513-E5E0-43DB-817F-218D7F90803F}.Release|Mixed Platforms.ActiveCfg = Release|Any CPU
		{DE510513-E5E0-43DB-817F-218D7F90803F}.Release|Mixed Platforms.Build.0 = Release|Any CPU
		{DE510513-E5E0-43DB-817F-218D7F90803F}.Release|x86.ActiveCfg = Release|Any CPU
		{C181C7C3-AB4C-42CF-868E-6ECF363A523D}.Debug|Any CPU.ActiveCfg = Debug|Any CPU
		{C181C7C3-AB4C-42CF-868E-6ECF363A523D}.Debug|Any CPU.Build.0 = Debug|Any CPU
		{C181C7C3-AB4C-42CF-868E-6ECF363A523D}.Debug|Mixed Platforms.ActiveCfg = Debug|Any CPU
		{C181C7C3-AB4C-42CF-868E-6ECF363A523D}.Debug|Mixed Platforms.Build.0 = Debug|Any CPU
		{C181C7C3-AB4C-42CF-868E-6ECF363A523D}.Debug|x86.ActiveCfg = Debug|Any CPU
		{C181C7C3-AB4C-42CF-868E-6ECF363A523D}.Release|Any CPU.ActiveCfg = Release|Any CPU
		{C181C7C3-AB4C-42CF-868E-6ECF363A523D}.Release|Any CPU.Build.0 = Release|Any CPU
		{C181C7C3-AB4C-42CF-868E-6ECF363A523D}.Release|Mixed Platforms.ActiveCfg = Release|Any CPU
		{C181C7C3-AB4C-42CF-868E-6ECF363A523D}.Release|Mixed Platforms.Build.0 = Release|Any CPU
		{C181C7C3-AB4C-42CF-868E-6ECF363A523D}.Release|x86.ActiveCfg = Release|Any CPU
		{F535C76E-CDDC-4648-A571-52F959963DC6}.Debug|Any CPU.ActiveCfg = Debug|Any CPU
		{F535C76E-CDDC-4648-A571-52F959963DC6}.Debug|Any CPU.Build.0 = Debug|Any CPU
		{F535C76E-CDDC-4648-A571-52F959963DC6}.Debug|Mixed Platforms.ActiveCfg = Debug|Any CPU
		{F535C76E-CDDC-4648-A571-52F959963DC6}.Debug|Mixed Platforms.Build.0 = Debug|Any CPU
		{F535C76E-CDDC-4648-A571-52F959963DC6}.Debug|x86.ActiveCfg = Debug|Any CPU
		{F535C76E-CDDC-4648-A571-52F959963DC6}.Release|Any CPU.ActiveCfg = Release|Any CPU
		{F535C76E-CDDC-4648-A571-52F959963DC6}.Release|Any CPU.Build.0 = Release|Any CPU
		{F535C76E-CDDC-4648-A571-52F959963DC6}.Release|Mixed Platforms.ActiveCfg = Release|Any CPU
		{F535C76E-CDDC-4648-A571-52F959963DC6}.Release|Mixed Platforms.Build.0 = Release|Any CPU
		{F535C76E-CDDC-4648-A571-52F959963DC6}.Release|x86.ActiveCfg = Release|Any CPU
		{F9A181CA-74DA-4F57-8219-BDB205281689}.Debug|Any CPU.ActiveCfg = Debug|x86
		{F9A181CA-74DA-4F57-8219-BDB205281689}.Debug|Mixed Platforms.ActiveCfg = Debug|x86
		{F9A181CA-74DA-4F57-8219-BDB205281689}.Debug|Mixed Platforms.Build.0 = Debug|x86
		{F9A181CA-74DA-4F57-8219-BDB205281689}.Debug|x86.ActiveCfg = Debug|x86
		{F9A181CA-74DA-4F57-8219-BDB205281689}.Debug|x86.Build.0 = Debug|x86
		{F9A181CA-74DA-4F57-8219-BDB205281689}.Release|Any CPU.ActiveCfg = Release|x86
		{F9A181CA-74DA-4F57-8219-BDB205281689}.Release|Mixed Platforms.ActiveCfg = Release|x86
		{F9A181CA-74DA-4F57-8219-BDB205281689}.Release|Mixed Platforms.Build.0 = Release|x86
		{F9A181CA-74DA-4F57-8219-BDB205281689}.Release|x86.ActiveCfg = Release|x86
		{F9A181CA-74DA-4F57-8219-BDB205281689}.Release|x86.Build.0 = Release|x86
	EndGlobalSection
	GlobalSection(SolutionProperties) = preSolution
		HideSolutionNode = FALSE
	EndGlobalSection
	GlobalSection(TestCaseManagementSettings) = postSolution
		CategoryFile = WIT.Common.AutomaticMailer.vsmdi
	EndGlobalSection
EndGlobal
